
Microsoft Visual Studio Solution File, Format Version 12.00
# Visual Studio Version 16
VisualStudioVersion = 16.0.31019.35
MinimumVisualStudioVersion = 10.0.40219.1
Project("{FAE04EC0-301F-11D3-BF4B-00C04F79EFBC}") = "Raerihar", "Raerihar\Raerihar.csproj", "{F280C38B-10ED-49BE-806A-50AF37FA9E16}"
EndProject
Project("{FAE04EC0-301F-11D3-BF4B-00C04F79EFBC}") = "RaeriharTest", "RaeriharTest\RaeriharTest.csproj", "{6701BCA2-221F-43B7-A1E0-0FC923B2B099}"
EndProject
Global
	GlobalSection(SolutionConfigurationPlatforms) = preSolution
		Debug|Any CPU = Debug|Any CPU
		Release|Any CPU = Release|Any CPU
	EndGlobalSection
	GlobalSection(ProjectConfigurationPlatforms) = postSolution
		{F280C38B-10ED-49BE-806A-50AF37FA9E16}.Debug|Any CPU.ActiveCfg = Debug|Any CPU
		{F280C38B-10ED-49BE-806A-50AF37FA9E16}.Debug|Any CPU.Build.0 = Debug|Any CPU
		{F280C38B-10ED-49BE-806A-50AF37FA9E16}.Release|Any CPU.ActiveCfg = Release|Any CPU
		{F280C38B-10ED-49BE-806A-50AF37FA9E16}.Release|Any CPU.Build.0 = Release|Any CPU
		{6701BCA2-221F-43B7-A1E0-0FC923B2B099}.Debug|Any CPU.ActiveCfg = Debug|Any CPU
		{6701BCA2-221F-43B7-A1E0-0FC923B2B099}.Debug|Any CPU.Build.0 = Debug|Any CPU
		{6701BCA2-221F-43B7-A1E0-0FC923B2B099}.Release|Any CPU.ActiveCfg = Release|Any CPU
		{6701BCA2-221F-43B7-A1E0-0FC923B2B099}.Release|Any CPU.Build.0 = Release|Any CPU
	EndGlobalSection
	GlobalSection(SolutionProperties) = preSolution
		HideSolutionNode = FALSE
	EndGlobalSection
	GlobalSection(ExtensibilityGlobals) = postSolution
		SolutionGuid = {7BFA9ED2-B9B9-41AF-918A-1D8CE11CC9D0}
	EndGlobalSection
EndGlobal
